# This file is autogenerated, do not edit; changes may be undone by the next 'dep ensure'.


[[projects]]
  branch = "master"
  name = "github.com/blakesmith/ar"
  packages = ["."]
  revision = "8bd4349a67f2533b078dbc524689d15dba0f4659"

[[projects]]
  branch = "v1"
  name = "gopkg.in/xmlpath.v1"
  packages = ["."]
  revision = "a146725ea6e7e357ca683ef3e02e8a403742b9c0"

[[projects]]
  branch = "(default)"
  name = "launchpad.net/gocheck"
  packages = ["."]
  revision = "gustavo@niemeyer.net-20140225173054-xu9zlkf9kxhvow02"

[solve-meta]
  analyzer-name = "dep"
  analyzer-version = 1
  inputs-digest = "28c54c99924add15ff389b80da7e6201cb18bade471d2d28b0c90b001c6339a0"
  solver-name = "gps-cdcl"
  solver-version = 1
